// !$*UTF8*$!
{
	archiveVersion = 1;
	classes = {
	};
	objectVersion = 77;
	objects = {

/* Begin PBXContainerItemProxy section */
		34B1C9EB2F6D7A0300F83714 /* PBXContainerItemProxy */ = {
			isa = PBXContainerItemProxy;
			containerPortal = 34B1C9D52F6D7A0100F83714 /* Project object */;
			proxyType = 1;
			remoteGlobalIDString = 34B1C9DC2F6D7A0100F83714;
			remoteInfo = "Career-Fuel";
		};
		34B1C9F52F6D7A0300F83714 /* PBXContainerItemProxy */ = {
			isa = PBXContainerItemProxy;
			containerPortal = 34B1C9D52F6D7A0100F83714 /* Project object */;
			proxyType = 1;
			remoteGlobalIDString = 34B1C9DC2F6D7A0100F83714;
			remoteInfo = "Career-Fuel";
		};
/* End PBXContainerItemProxy section */

/* Begin PBXFileReference section */
		34B1C9DD2F6D7A0100F83714 /* Career-Fuel.app */ = {isa = PBXFileReference; explicitFileType = wrapper.application; includeInIndex = 0; path = "Career-Fuel.app"; sourceTree = BUILT_PRODUCTS_DIR; };
		34B1C9EA2F6D7A0300F83714 /* Career-FuelTests.xctest */ = {isa = PBXFileReference; explicitFileType = wrapper.cfbundle; includeInIndex = 0; path = "Career-FuelTests.xctest"; sourceTree = BUILT_PRODUCTS_DIR; };
		34B1C9F42F6D7A0300F83714 /* Career-FuelUITests.xctest */ = {isa = PBXFileReference; explicitFileType = wrapper.cfbundle; includeInIndex = 0; path = "Career-FuelUITests.xctest"; sourceTree = BUILT_PRODUCTS_DIR; };
/* End PBXFileReference section */

/* Begin PBXFileSystemSynchronizedRootGroup section */
		34B1C9DF2F6D7A0100F83714 /* Career-Fuel */ = {
			isa = PBXFileSystemSynchronizedRootGroup;
			path = "Career-Fuel";
			sourceTree = "<group>";
		};
		34B1C9ED2F6D7A0300F83714 /* Career-FuelTests */ = {
			isa = PBXFileSystemSynchronizedRootGroup;
			path = "Career-FuelTests";
			sourceTree = "<group>";
		};
		34B1C9F72F6D7A0300F83714 /* Career-FuelUITests */ = {
			isa = PBXFileSystemSynchronizedRootGroup;
			path = "Career-FuelUITests";
			sourceTree = "<group>";
		};
/* End PBXFileSystemSynchronizedRootGroup section */

/* Begin PBXFrameworksBuildPhase section */
		34B1C9DA2F6D7A0100F83714 /* Frameworks */ = {
			isa = PBXFrameworksBuildPhase;
			buildActionMask = 2147483647;
			files = (
			);
			runOnlyForDeploymentPostprocessing = 0;
		};
		34B1C9E72F6D7A0300F83714 /* Frameworks */ = {
			isa = PBXFrameworksBuildPhase;
			buildActionMask = 2147483647;
			files = (
			);
			runOnlyForDeploymentPostprocessing = 0;
		};
		34B1C9F12F6D7A0300F83714 /* Frameworks */ = {
			isa = PBXFrameworksBuildPhase;
			buildActionMask = 2147483647;
			files = (
			);
			runOnlyForDeploymentPostprocessing = 0;
		};
/* End PBXFrameworksBuildPhase section */

/* Begin PBXGroup section */
		34B1C9D42F6D7A0100F83714 = {
			isa = PBXGroup;
			children = (
				34B1C9DF2F6D7A0100F83714 /* Career-Fuel */,
				34B1C9ED2F6D7A0300F83714 /* Career-FuelTests */,
				34B1C9F72F6D7A0300F83714 /* Career-FuelUITests */,
				34B1C9DE2F6D7A0100F83714 /* Products */,
			);
			sourceTree = "<group>";
		};
		34B1C9DE2F6D7A0100F83714 /* Products */ = {
			isa = PBXGroup;
			children = (
				34B1C9DD2F6D7A0100F83714 /* Career-Fuel.app */,
				34B1C9EA2F6D7A0300F83714 /* Career-FuelTests.xctest */,
				34B1C9F42F6D7A0300F83714 /* Career-FuelUITests.xctest */,
			);
			name = Products;
			sourceTree = "<group>";
		};
/* End PBXGroup section */

/* Begin PBXNativeTarget section */
		34B1C9DC2F6D7A0100F83714 /* Career-Fuel */ = {
			isa = PBXNativeTarget;
			buildConfigurationList = 34B1C9FE2F6D7A0300F83714 /* Build configuration list for PBXNativeTarget "Career-Fuel" */;
			buildPhases = (
				34B1C9D92F6D7A0100F83714 /* Sources */,
				34B1C9DA2F6D7A0100F83714 /* Frameworks */,
				34B1C9DB2F6D7A0100F83714 /* Resources */,
			);
			buildRules = (
			);
			dependencies = (
			);
			fileSystemSynchronizedGroups = (
				34B1C9DF2F6D7A0100F83714 /* Career-Fuel */,
			);
			name = "Career-Fuel";
			packageProductDependencies = (
			);
			productName = "Career-Fuel";
			productReference = 34B1C9DD2F6D7A0100F83714 /* Career-Fuel.app */;
			productType = "com.apple.product-type.application";
		};
		34B1C9E92F6D7A0300F83714 /* Career-FuelTests */ = {
			isa = PBXNativeTarget;
			buildConfigurationList = 34B1CA012F6D7A0300F83714 /* Build configuration list for PBXNativeTarget "Career-FuelTests" */;
			buildPhases = (
				34B1C9E62F6D7A0300F83714 /* Sources */,
				34B1C9E72F6D7A0300F83714 /* Frameworks */,
				34B1C9E82F6D7A0300F83714 /* Resources */,
			);
			buildRules = (
			);
			dependencies = (
				34B1C9EC2F6D7A0300F83714 /* PBXTargetDependency */,
			);
			fileSystemSynchronizedGroups = (
				34B1C9ED2F6D7A0300F83714 /* Career-FuelTests */,
			);
			name = "Career-FuelTests";
			packageProductDependencies = (
			);
			productName = "Career-FuelTests";
			productReference = 34B1C9EA2F6D7A0300F83714 /* Career-FuelTests.xctest */;
			productType = "com.apple.product-type.bundle.unit-test";
		};
		34B1C9F32F6D7A0300F83714 /* Career-FuelUITests */ = {
			isa = PBXNativeTarget;
			buildConfigurationList = 34B1CA042F6D7A0300F83714 /* Build configuration list for PBXNativeTarget "Career-FuelUITests" */;
			buildPhases = (
				34B1C9F02F6D7A0300F83714 /* Sources */,
				34B1C9F12F6D7A0300F83714 /* Frameworks */,
				34B1C9F22F6D7A0300F83714 /* Resources */,
			);
			buildRules = (
			);
			dependencies = (
				34B1C9F62F6D7A0300F83714 /* PBXTargetDependency */,
			);
			fileSystemSynchronizedGroups = (
				34B1C9F72F6D7A0300F83714 /* Career-FuelUITests */,
			);
			name = "Career-FuelUITests";
			packageProductDependencies = (
			);
			productName = "Career-FuelUITests";
			productReference = 34B1C9F42F6D7A0300F83714 /* Career-FuelUITests.xctest */;
			productType = "com.apple.product-type.bundle.ui-testing";
		};
/* End PBXNativeTarget section */

/* Begin PBXProject section */
		34B1C9D52F6D7A0100F83714 /* Project object */ = {
			isa = PBXProject;
			attributes = {
				BuildIndependentTargetsInParallel = 1;
				LastSwiftUpdateCheck = 2620;
				LastUpgradeCheck = 2620;
				TargetAttributes = {
					34B1C9DC2F6D7A0100F83714 = {
						CreatedOnToolsVersion = 26.2;
					};
					34B1C9E92F6D7A0300F83714 = {
						CreatedOnToolsVersion = 26.2;
						TestTargetID = 34B1C9DC2F6D7A0100F83714;
					};
					34B1C9F32F6D7A0300F83714 = {
						CreatedOnToolsVersion = 26.2;
						TestTargetID = 34B1C9DC2F6D7A0100F83714;
					};
				};
			};
			buildConfigurationList = 34B1C9D82F6D7A0100F83714 /* Build configuration list for PBXProject "Career-Fuel" */;
			developmentRegion = en;
			hasScannedForEncodings = 0;
			knownRegions = (
				en,
				Base,
			);
			mainGroup = 34B1C9D42F6D7A0100F83714;
			minimizedProjectReferenceProxies = 1;
			preferredProjectObjectVersion = 77;
			productRefGroup = 34B1C9DE2F6D7A0100F83714 /* Products */;
			projectDirPath = "";
			projectRoot = "";
			targets = (
				34B1C9DC2F6D7A0100F83714 /* Career-Fuel */,
				34B1C9E92F6D7A0300F83714 /* Career-FuelTests */,
				34B1C9F32F6D7A0300F83714 /* Career-FuelUITests */,
			);
		};
/* End PBXProject section */

/* Begin PBXResourcesBuildPhase section */
		34B1C9DB2F6D7A0100F83714 /* Resources */ = {
			isa = PBXResourcesBuildPhase;
			buildActionMask = 2147483647;
			files = (
			);
			runOnlyForDeploymentPostprocessing = 0;
		};
		34B1C9E82F6D7A0300F83714 /* Resources */ = {
			isa = PBXResourcesBuildPhase;
			buildActionMask = 2147483647;
			files = (
			);
			runOnlyForDeploymentPostprocessing = 0;
		};
		34B1C9F22F6D7A0300F83714 /* Resources */ = {
			isa = PBXResourcesBuildPhase;
			buildActionMask = 2147483647;
			files = (
			);
			runOnlyForDeploymentPostprocessing = 0;
		};
/* End PBXResourcesBuildPhase section */

/* Begin PBXSourcesBuildPhase section */
		34B1C9D92F6D7A0100F83714 /* Sources */ = {
			isa = PBXSourcesBuildPhase;
			buildActionMask = 2147483647;
			files = (
			);
			runOnlyForDeploymentPostprocessing = 0;
		};
		34B1C9E62F6D7A0300F83714 /* Sources */ = {
			isa = PBXSourcesBuildPhase;
			buildActionMask = 2147483647;
			files = (
			);
			runOnlyForDeploymentPostprocessing = 0;
		};
		34B1C9F02F6D7A0300F83714 /* Sources */ = {
			isa = PBXSourcesBuildPhase;
			buildActionMask = 2147483647;
			files = (
			);
			runOnlyForDeploymentPostprocessing = 0;
		};
/* End PBXSourcesBuildPhase section */

/* Begin PBXTargetDependency section */
		34B1C9EC2F6D7A0300F83714 /* PBXTargetDependency */ = {
			isa = PBXTargetDependency;
			target = 34B1C9DC2F6D7A0100F83714 /* Career-Fuel */;
			targetProxy = 34B1C9EB2F6D7A0300F83714 /* PBXContainerItemProxy */;
		};
		34B1C9F62F6D7A0300F83714 /* PBXTargetDependency */ = {
			isa = PBXTargetDependency;
			target = 34B1C9DC2F6D7A0100F83714 /* Career-Fuel */;
			targetProxy = 34B1C9F52F6D7A0300F83714 /* PBXContainerItemProxy */;
		};
/* End PBXTargetDependency section */

/* Begin XCBuildConfiguration section */
		34B1C9FC2F6D7A0300F83714 /* Debug */ = {
			isa = XCBuildConfiguration;
			buildSettings = {
				ALWAYS_SEARCH_USER_PATHS = NO;
				ASSETCATALOG_COMPILER_GENERATE_SWIFT_ASSET_SYMBOL_EXTENSIONS = YES;
				CLANG_ANALYZER_NONNULL = YES;
				CLANG_ANALYZER_NUMBER_OBJECT_CONVERSION = YES_AGGRESSIVE;
				CLANG_CXX_LANGUAGE_STANDARD = "gnu++20";
				CLANG_ENABLE_MODULES = YES;
				CLANG_ENABLE_OBJC_ARC = YES;
				CLANG_ENABLE_OBJC_WEAK = YES;
				CLANG_WARN_BLOCK_CAPTURE_AUTORELEASING = YES;
				CLANG_WARN_BOOL_CONVERSION = YES;
				CLANG_WARN_COMMA = YES;
				CLANG_WARN_CONSTANT_CONVERSION = YES;
				CLANG_WARN_DEPRECATED_OBJC_IMPLEMENTATIONS = YES;
				CLANG_WARN_DIRECT_OBJC_ISA_USAGE = YES_ERROR;
				CLANG_WARN_DOCUMENTATION_COMMENTS = YES;
				CLANG_WARN_EMPTY_BODY = YES;
				CLANG_WARN_ENUM_CONVERSION = YES;
				CLANG_WARN_INFINITE_RECURSION = YES;
				CLANG_WARN_INT_CONVERSION = YES;
				CLANG_WARN_NON_LITERAL_NULL_CONVERSION = YES;
				CLANG_WARN_OBJC_IMPLICIT_RETAIN_SELF = YES;
				CLANG_WARN_OBJC_LITERAL_CONVERSION = YES;
				CLANG_WARN_OBJC_ROOT_CLASS = YES_ERROR;
				CLANG_WARN_QUOTED_INCLUDE_IN_FRAMEWORK_HEADER = YES;
				CLANG_WARN_RANGE_LOOP_ANALYSIS = YES;
				CLANG_WARN_STRICT_PROTOTYPES = YES;
				CLANG_WARN_SUSPICIOUS_MOVE = YES;
				CLANG_WARN_UNGUARDED_AVAILABILITY = YES_AGGRESSIVE;
				CLANG_WARN_UNREACHABLE_CODE = YES;
				CLANG_WARN__DUPLICATE_METHOD_MATCH = YES;
				COPY_PHASE_STRIP = NO;
				DEBUG_INFORMATION_FORMAT = dwarf;
				ENABLE_STRICT_OBJC_MSGSEND = YES;
				ENABLE_TESTABILITY = YES;
				ENABLE_USER_SCRIPT_SANDBOXING = YES;
				GCC_C_LANGUAGE_STANDARD = gnu17;
				GCC_DYNAMIC_NO_PIC = NO;
				GCC_NO_COMMON_BLOCKS = YES;
				GCC_OPTIMIZATION_LEVEL = 0;
				GCC_PREPROCESSOR_DEFINITIONS = (
					"DEBUG=1",
					"$(inherited)",
				);
				GCC_WARN_64_TO_32_BIT_CONVERSION = YES;
				GCC_WARN_ABOUT_RETURN_TYPE = YES_ERROR;
				GCC_WARN_UNDECLARED_SELECTOR = YES;
				GCC_WARN_UNINITIALIZED_AUTOS = YES_AGGRESSIVE;
				GCC_WARN_UNUSED_FUNCTION = YES;
				GCC_WARN_UNUSED_VARIABLE = YES;
				IPHONEOS_DEPLOYMENT_TARGET = 17.0;
				LOCALIZATION_PREFERS_STRING_CATALOGS = YES;
				MTL_ENABLE_DEBUG_INFO = INCLUDE_SOURCE;
				MTL_FAST_MATH = YES;
				ONLY_ACTIVE_ARCH = YES;
				SDKROOT = iphoneos;
				SWIFT_ACTIVE_COMPILATION_CONDITIONS = "DEBUG $(inherited)";
				SWIFT_OPTIMIZATION_LEVEL = "-Onone";
			};
			name = Debug;
		};
		34B1C9FD2F6D7A0300F83714 /* Release */ = {
			isa = XCBuildConfiguration;
			buildSettings = {
				ALWAYS_SEARCH_USER_PATHS = NO;
				ASSETCATALOG_COMPILER_GENERATE_SWIFT_ASSET_SYMBOL_EXTENSIONS = YES;
				CLANG_ANALYZER_NONNULL = YES;
				CLANG_ANALYZER_NUMBER_OBJECT_CONVERSION = YES_AGGRESSIVE;
				CLANG_CXX_LANGUAGE_STANDARD = "gnu++20";
				CLANG_ENABLE_MODULES = YES;
				CLANG_ENABLE_OBJC_ARC = YES;
				CLANG_ENABLE_OBJC_WEAK = YES;
				CLANG_WARN_BLOCK_CAPTURE_AUTORELEASING = YES;
				CLANG_WARN_BOOL_CONVERSION = YES;
				CLANG_WARN_COMMA = YES;
				CLANG_WARN_CONSTANT_CONVERSION = YES;
				CLANG_WARN_DEPRECATED_OBJC_IMPLEMENTATIONS = YES;
				CLANG_WARN_DIRECT_OBJC_ISA_USAGE = YES_ERROR;
				CLANG_WARN_DOCUMENTATION_COMMENTS = YES;
				CLANG_WARN_EMPTY_BODY = YES;
				CLANG_WARN_ENUM_CONVERSION = YES;
				CLANG_WARN_INFINITE_RECURSION = YES;
				CLANG_WARN_INT_CONVERSION = YES;
				CLANG_WARN_NON_LITERAL_NULL_CONVERSION = YES;
				CLANG_WARN_OBJC_IMPLICIT_RETAIN_SELF = YES;
				CLANG_WARN_OBJC_LITERAL_CONVERSION = YES;
				CLANG_WARN_OBJC_ROOT_CLASS = YES_ERROR;
				CLANG_WARN_QUOTED_INCLUDE_IN_FRAMEWORK_HEADER = YES;
				CLANG_WARN_RANGE_LOOP_ANALYSIS = YES;
				CLANG_WARN_STRICT_PROTOTYPES = YES;
				CLANG_WARN_SUSPICIOUS_MOVE = YES;
				CLANG_WARN_UNGUARDED_AVAILABILITY = YES_AGGRESSIVE;
				CLANG_WARN_UNREACHABLE_CODE = YES;
				CLANG_WARN__DUPLICATE_METHOD_MATCH = YES;
				COPY_PHASE_STRIP = NO;
				DEBUG_INFORMATION_FORMAT = "dwarf-with-dsym";
				ENABLE_NS_ASSERTIONS = NO;
				ENABLE_STRICT_OBJC_MSGSEND = YES;
				ENABLE_USER_SCRIPT_SANDBOXING = YES;
				GCC_C_LANGUAGE_STANDARD = gnu17;
				GCC_NO_COMMON_BLOCKS = YES;
				GCC_WARN_64_TO_32_BIT_CONVERSION = YES;
				GCC_WARN_ABOUT_RETURN_TYPE = YES_ERROR;
				GCC_WARN_UNDECLARED_SELECTOR = YES;
				GCC_WARN_UNINITIALIZED_AUTOS = YES_AGGRESSIVE;
				GCC_WARN_UNUSED_FUNCTION = YES;
				GCC_WARN_UNUSED_VARIABLE = YES;
				IPHONEOS_DEPLOYMENT_TARGET = 17.0;
				LOCALIZATION_PREFERS_STRING_CATALOGS = YES;
				MTL_ENABLE_DEBUG_INFO = NO;
				MTL_FAST_MATH = YES;
				SDKROOT = iphoneos;
				SWIFT_COMPILATION_MODE = wholemodule;
				VALIDATE_PRODUCT = YES;
			};
			name = Release;
		};
		34B1C9FF2F6D7A0300F83714 /* Debug */ = {
			isa = XCBuildConfiguration;
			buildSettings = {
				ASSETCATALOG_COMPILER_APPICON_NAME = AppIcon;
				ASSETCATALOG_COMPILER_GLOBAL_ACCENT_COLOR_NAME = AccentColor;
				CODE_SIGN_ENTITLEMENTS = "Career-Fuel/Career-Fuel.entitlements";
				CODE_SIGN_STYLE = Automatic;
				CURRENT_PROJECT_VERSION = 1;
				DEVELOPMENT_TEAM = R2J26L7PZ9;
				ENABLE_PREVIEWS = YES;
				GENERATE_INFOPLIST_FILE = YES;
				INFOPLIST_KEY_UIApplicationSceneManifest_Generation = YES;
				INFOPLIST_KEY_UIApplicationSupportsIndirectInputEvents = YES;
				INFOPLIST_KEY_UILaunchScreen_Generation = NO;
				INFOPLIST_KEY_UILaunchStoryboardName = LaunchScreen;
				INFOPLIST_KEY_UISupportedInterfaceOrientations_iPad = "UIInterfaceOrientationPortrait UIInterfaceOrientationPortraitUpsideDown UIInterfaceOrientationLandscapeLeft UIInterfaceOrientationLandscapeRight";
				INFOPLIST_KEY_UISupportedInterfaceOrientations_iPhone = "UIInterfaceOrientationPortrait UIInterfaceOrientationLandscapeLeft UIInterfaceOrientationLandscapeRight";
				LD_RUNPATH_SEARCH_PATHS = (
					"$(inherited)",
					"@executable_path/Frameworks",
				);
				MARKETING_VERSION = 1.0;
				PRODUCT_BUNDLE_IDENTIFIER = "yquan.Career-Fuel";
				PRODUCT_NAME = "$(TARGET_NAME)";
				STRING_CATALOG_GENERATE_SYMBOLS = YES;
				SWIFT_APPROACHABLE_CONCURRENCY = YES;
				SWIFT_DEFAULT_ACTOR_ISOLATION = MainActor;
				SWIFT_EMIT_LOC_STRINGS = YES;
				SWIFT_UPCOMING_FEATURE_MEMBER_IMPORT_VISIBILITY = YES;
				SWIFT_VERSION = 6.0;
				TARGETED_DEVICE_FAMILY = "1,2";
			};
			name = Debug;
		};
		34B1CA002F6D7A0300F83714 /* Release */ = {
			isa = XCBuildConfiguration;
			buildSettings = {
				ASSETCATALOG_COMPILER_APPICON_NAME = AppIcon;
				ASSETCATALOG_COMPILER_GLOBAL_ACCENT_COLOR_NAME = AccentColor;
				CODE_SIGN_ENTITLEMENTS = "Career-Fuel/Career-FuelRelease.entitlements";
				CODE_SIGN_STYLE = Automatic;
				CURRENT_PROJECT_VERSION = 1;
				DEVELOPMENT_TEAM = R2J26L7PZ9;
				ENABLE_PREVIEWS = YES;
				GENERATE_INFOPLIST_FILE = YES;
				INFOPLIST_KEY_UIApplicationSceneManifest_Generation = YES;
				INFOPLIST_KEY_UIApplicationSupportsIndirectInputEvents = YES;
				INFOPLIST_KEY_UILaunchScreen_Generation = NO;
				INFOPLIST_KEY_UILaunchStoryboardName = LaunchScreen;
				INFOPLIST_KEY_UISupportedInterfaceOrientations_iPad = "UIInterfaceOrientationPortrait UIInterfaceOrientationPortraitUpsideDown UIInterfaceOrientationLandscapeLeft UIInterfaceOrientationLandscapeRight";
				INFOPLIST_KEY_UISupportedInterfaceOrientations_iPhone = "UIInterfaceOrientationPortrait UIInterfaceOrientationLandscapeLeft UIInterfaceOrientationLandscapeRight";
				LD_RUNPATH_SEARCH_PATHS = (
					"$(inherited)",
					"@executable_path/Frameworks",
				);
				MARKETING_VERSION = 1.0;
				PRODUCT_BUNDLE_IDENTIFIER = "yquan.Career-Fuel";
				PRODUCT_NAME = "$(TARGET_NAME)";
				STRING_CATALOG_GENERATE_SYMBOLS = YES;
				SWIFT_APPROACHABLE_CONCURRENCY = YES;
				SWIFT_DEFAULT_ACTOR_ISOLATION = MainActor;
				SWIFT_EMIT_LOC_STRINGS = YES;
				SWIFT_UPCOMING_FEATURE_MEMBER_IMPORT_VISIBILITY = YES;
				SWIFT_VERSION = 6.0;
				TARGETED_DEVICE_FAMILY = "1,2";
			};
			name = Release;
		};
		34B1CA022F6D7A0300F83714 /* Debug */ = {
			isa = XCBuildConfiguration;
			buildSettings = {
				BUNDLE_LOADER = "$(TEST_HOST)";
				CODE_SIGN_STYLE = Automatic;
				CURRENT_PROJECT_VERSION = 1;
				GENERATE_INFOPLIST_FILE = YES;
				IPHONEOS_DEPLOYMENT_TARGET = 17.0;
				MARKETING_VERSION = 1.0;
				PRODUCT_BUNDLE_IDENTIFIER = "yquan.Career-FuelTests";
				PRODUCT_NAME = "$(TARGET_NAME)";
				STRING_CATALOG_GENERATE_SYMBOLS = NO;
				SWIFT_APPROACHABLE_CONCURRENCY = YES;
				SWIFT_EMIT_LOC_STRINGS = NO;
				SWIFT_UPCOMING_FEATURE_MEMBER_IMPORT_VISIBILITY = YES;
				SWIFT_VERSION = 6.0;
				TARGETED_DEVICE_FAMILY = "1,2";
				TEST_HOST = "$(BUILT_PRODUCTS_DIR)/Career-Fuel.app/$(BUNDLE_EXECUTABLE_FOLDER_PATH)/Career-Fuel";
			};
			name = Debug;
		};
		34B1CA032F6D7A0300F83714 /* Release */ = {
			isa = XCBuildConfiguration;
			buildSettings = {
				BUNDLE_LOADER = "$(TEST_HOST)";
				CODE_SIGN_STYLE = Automatic;
				CURRENT_PROJECT_VERSION = 1;
				GENERATE_INFOPLIST_FILE = YES;
				IPHONEOS_DEPLOYMENT_TARGET = 17.0;
				MARKETING_VERSION = 1.0;
				PRODUCT_BUNDLE_IDENTIFIER = "yquan.Career-FuelTests";
				PRODUCT_NAME = "$(TARGET_NAME)";
				STRING_CATALOG_GENERATE_SYMBOLS = NO;
				SWIFT_APPROACHABLE_CONCURRENCY = YES;
				SWIFT_EMIT_LOC_STRINGS = NO;
				SWIFT_UPCOMING_FEATURE_MEMBER_IMPORT_VISIBILITY = YES;
				SWIFT_VERSION = 6.0;
				TARGETED_DEVICE_FAMILY = "1,2";
				TEST_HOST = "$(BUILT_PRODUCTS_DIR)/Career-Fuel.app/$(BUNDLE_EXECUTABLE_FOLDER_PATH)/Career-Fuel";
			};
			name = Release;
		};
		34B1CA052F6D7A0300F83714 /* Debug */ = {
			isa = XCBuildConfiguration;
			buildSettings = {
				CODE_SIGN_STYLE = Automatic;
				CURRENT_PROJECT_VERSION = 1;
				GENERATE_INFOPLIST_FILE = YES;
				MARKETING_VERSION = 1.0;
				PRODUCT_BUNDLE_IDENTIFIER = "yquan.Career-FuelUITests";
				PRODUCT_NAME = "$(TARGET_NAME)";
				STRING_CATALOG_GENERATE_SYMBOLS = NO;
				SWIFT_APPROACHABLE_CONCURRENCY = YES;
				SWIFT_EMIT_LOC_STRINGS = NO;
				SWIFT_UPCOMING_FEATURE_MEMBER_IMPORT_VISIBILITY = YES;
				SWIFT_VERSION = 6.0;
				TARGETED_DEVICE_FAMILY = "1,2";
				TEST_TARGET_NAME = "Career-Fuel";
			};
			name = Debug;
		};
		34B1CA062F6D7A0300F83714 /* Release */ = {
			isa = XCBuildConfiguration;
			buildSettings = {
				CODE_SIGN_STYLE = Automatic;
				CURRENT_PROJECT_VERSION = 1;
				GENERATE_INFOPLIST_FILE = YES;
				MARKETING_VERSION = 1.0;
				PRODUCT_BUNDLE_IDENTIFIER = "yquan.Career-FuelUITests";
				PRODUCT_NAME = "$(TARGET_NAME)";
				STRING_CATALOG_GENERATE_SYMBOLS = NO;
				SWIFT_APPROACHABLE_CONCURRENCY = YES;
				SWIFT_EMIT_LOC_STRINGS = NO;
				SWIFT_UPCOMING_FEATURE_MEMBER_IMPORT_VISIBILITY = YES;
				SWIFT_VERSION = 6.0;
				TARGETED_DEVICE_FAMILY = "1,2";
				TEST_TARGET_NAME = "Career-Fuel";
			};
			name = Release;
		};
/* End XCBuildConfiguration section */

/* Begin XCConfigurationList section */
		34B1C9D82F6D7A0100F83714 /* Build configuration list for PBXProject "Career-Fuel" */ = {
			isa = XCConfigurationList;
			buildConfigurations = (
				34B1C9FC2F6D7A0300F83714 /* Debug */,
				34B1C9FD2F6D7A0300F83714 /* Release */,
			);
			defaultConfigurationIsVisible = 0;
			defaultConfigurationName = Release;
		};
		34B1C9FE2F6D7A0300F83714 /* Build configuration list for PBXNativeTarget "Career-Fuel" */ = {
			isa = XCConfigurationList;
			buildConfigurations = (
				34B1C9FF2F6D7A0300F83714 /* Debug */,
				34B1CA002F6D7A0300F83714 /* Release */,
			);
			defaultConfigurationIsVisible = 0;
			defaultConfigurationName = Release;
		};
		34B1CA012F6D7A0300F83714 /* Build configuration list for PBXNativeTarget "Career-FuelTests" */ = {
			isa = XCConfigurationList;
			buildConfigurations = (
				34B1CA022F6D7A0300F83714 /* Debug */,
				34B1CA032F6D7A0300F83714 /* Release */,
			);
			defaultConfigurationIsVisible = 0;
			defaultConfigurationName = Release;
		};
		34B1CA042F6D7A0300F83714 /* Build configuration list for PBXNativeTarget "Career-FuelUITests" */ = {
			isa = XCConfigurationList;
			buildConfigurations = (
				34B1CA052F6D7A0300F83714 /* Debug */,
				34B1CA062F6D7A0300F83714 /* Release */,
			);
			defaultConfigurationIsVisible = 0;
			defaultConfigurationName = Release;
		};
/* End XCConfigurationList section */
	};
	rootObject = 34B1C9D52F6D7A0100F83714 /* Project object */;
}
